
Microsoft Visual Studio Solution File, Format Version 12.00
# Visual Studio 15
VisualStudioVersion = 15.0.27703.2018
MinimumVisualStudioVersion = 10.0.40219.1
Project("{FAE04EC0-301F-11D3-BF4B-00C04F79EFBC}") = "WebPebble", "WebPebble\WebPebble.csproj", "{8B6D2FDD-36C3-408F-AEEC-51FDABC67659}"
EndProject
Global
	GlobalSection(SolutionConfigurationPlatforms) = preSolution
		Debug|Any CPU = Debug|Any CPU
		Release|Any CPU = Release|Any CPU
	EndGlobalSection
	GlobalSection(ProjectConfigurationPlatforms) = postSolution
		{8B6D2FDD-36C3-408F-AEEC-51FDABC67659}.Debug|Any CPU.ActiveCfg = Debug|Any CPU
		{8B6D2FDD-36C3-408F-AEEC-51FDABC67659}.Debug|Any CPU.Build.0 = Debug|Any CPU
		{8B6D2FDD-36C3-408F-AEEC-51FDABC67659}.Release|Any CPU.ActiveCfg = Release|Any CPU
		{8B6D2FDD-36C3-408F-AEEC-51FDABC67659}.Release|Any CPU.Build.0 = Release|Any CPU
	EndGlobalSection
	GlobalSection(SolutionProperties) = preSolution
		HideSolutionNode = FALSE
	EndGlobalSection
	GlobalSection(ExtensibilityGlobals) = postSolution
		SolutionGuid = {BEBACB36-8A49-4F74-A487-9C3A89DE57CC}
	EndGlobalSection
EndGlobal
